
Microsoft Visual Studio Solution File, Format Version 12.00
# Visual Studio Version 17
VisualStudioVersion = 17.12.35707.178
MinimumVisualStudioVersion = 10.0.40219.1
Project("{FAE04EC0-301F-11D3-BF4B-00C04F79EFBC}") = "IntroductionToDOTNET", "IntroductionToDOTNET\IntroductionToDOTNET.csproj", "{521C6322-A0A9-4366-9173-7B1BBC69F9AB}"
EndProject
Project("{FAE04EC0-301F-11D3-BF4B-00C04F79EFBC}") = "HW_Geometry_1", "HW_Geometry_1\HW_Geometry_1.csproj", "{1A8A6BB2-F737-4A8E-B3CF-C25A6ECDF225}"
EndProject
Project("{FAE04EC0-301F-11D3-BF4B-00C04F79EFBC}") = "DataTypes", "DataTypes\DataTypes.csproj", "{F06DF082-528B-43D0-8B75-4D43FC15F1CE}"
EndProject
Project("{FAE04EC0-301F-11D3-BF4B-00C04F79EFBC}") = "GameOver_1", "GameOver_1\GameOver_1.csproj", "{BA962013-0C3E-4111-A396-5D62507B9C90}"
EndProject
Project("{FAE04EC0-301F-11D3-BF4B-00C04F79EFBC}") = "Arrays", "Arrays\Arrays.csproj", "{DB570BA4-4948-44BF-8269-214E59361B5A}"
EndProject
Project("{FAE04EC0-301F-11D3-BF4B-00C04F79EFBC}") = "HW_Calculator", "HW_Calculator\HW_Calculator.csproj", "{925898E9-BB4C-42D9-A57E-730EEB394B19}"
EndProject
Global
	GlobalSection(SolutionConfigurationPlatforms) = preSolution
		Debug|Any CPU = Debug|Any CPU
		Release|Any CPU = Release|Any CPU
	EndGlobalSection
	GlobalSection(ProjectConfigurationPlatforms) = postSolution
		{521C6322-A0A9-4366-9173-7B1BBC69F9AB}.Debug|Any CPU.ActiveCfg = Debug|Any CPU
		{521C6322-A0A9-4366-9173-7B1BBC69F9AB}.Debug|Any CPU.Build.0 = Debug|Any CPU
		{521C6322-A0A9-4366-9173-7B1BBC69F9AB}.Release|Any CPU.ActiveCfg = Release|Any CPU
		{521C6322-A0A9-4366-9173-7B1BBC69F9AB}.Release|Any CPU.Build.0 = Release|Any CPU
		{1A8A6BB2-F737-4A8E-B3CF-C25A6ECDF225}.Debug|Any CPU.ActiveCfg = Debug|Any CPU
		{1A8A6BB2-F737-4A8E-B3CF-C25A6ECDF225}.Debug|Any CPU.Build.0 = Debug|Any CPU
		{1A8A6BB2-F737-4A8E-B3CF-C25A6ECDF225}.Release|Any CPU.ActiveCfg = Release|Any CPU
		{1A8A6BB2-F737-4A8E-B3CF-C25A6ECDF225}.Release|Any CPU.Build.0 = Release|Any CPU
		{F06DF082-528B-43D0-8B75-4D43FC15F1CE}.Debug|Any CPU.ActiveCfg = Debug|Any CPU
		{F06DF082-528B-43D0-8B75-4D43FC15F1CE}.Debug|Any CPU.Build.0 = Debug|Any CPU
		{F06DF082-528B-43D0-8B75-4D43FC15F1CE}.Release|Any CPU.ActiveCfg = Release|Any CPU
		{F06DF082-528B-43D0-8B75-4D43FC15F1CE}.Release|Any CPU.Build.0 = Release|Any CPU
		{BA962013-0C3E-4111-A396-5D62507B9C90}.Debug|Any CPU.ActiveCfg = Debug|Any CPU
		{BA962013-0C3E-4111-A396-5D62507B9C90}.Debug|Any CPU.Build.0 = Debug|Any CPU
		{BA962013-0C3E-4111-A396-5D62507B9C90}.Release|Any CPU.ActiveCfg = Release|Any CPU
		{BA962013-0C3E-4111-A396-5D62507B9C90}.Release|Any CPU.Build.0 = Release|Any CPU
		{DB570BA4-4948-44BF-8269-214E59361B5A}.Debug|Any CPU.ActiveCfg = Debug|Any CPU
		{DB570BA4-4948-44BF-8269-214E59361B5A}.Debug|Any CPU.Build.0 = Debug|Any CPU
		{DB570BA4-4948-44BF-8269-214E59361B5A}.Release|Any CPU.ActiveCfg = Release|Any CPU
		{DB570BA4-4948-44BF-8269-214E59361B5A}.Release|Any CPU.Build.0 = Release|Any CPU
		{925898E9-BB4C-42D9-A57E-730EEB394B19}.Debug|Any CPU.ActiveCfg = Debug|Any CPU
		{925898E9-BB4C-42D9-A57E-730EEB394B19}.Debug|Any CPU.Build.0 = Debug|Any CPU
		{925898E9-BB4C-42D9-A57E-730EEB394B19}.Release|Any CPU.ActiveCfg = Release|Any CPU
		{925898E9-BB4C-42D9-A57E-730EEB394B19}.Release|Any CPU.Build.0 = Release|Any CPU
	EndGlobalSection
	GlobalSection(SolutionProperties) = preSolution
		HideSolutionNode = FALSE
	EndGlobalSection
EndGlobal
